
Microsoft Visual Studio Solution File, Format Version 12.00
# Visual Studio Version 16
VisualStudioVersion = 16.6.30114.105
MinimumVisualStudioVersion = 10.0.40219.1
Project("{9A19103F-16F7-4668-BE54-9A1E7A4F7556}") = "OpenTelemetry.FrontMVC", "OpenTelemetry.MVC\OpenTelemetry.FrontMVC.csproj", "{D03C6C84-85DA-4A45-ABC7-DB4CE3129241}"
EndProject
Project("{9A19103F-16F7-4668-BE54-9A1E7A4F7556}") = "OpenTelemetry.BackAPI", "OpenTelemetry.API\OpenTelemetry.BackAPI.csproj", "{BDE69D20-B25B-48DB-BE26-CD15CC764570}"
EndProject
Global
	GlobalSection(SolutionConfigurationPlatforms) = preSolution
		Debug|Any CPU = Debug|Any CPU
		Debug|x64 = Debug|x64
		Debug|x86 = Debug|x86
		Release|Any CPU = Release|Any CPU
		Release|x64 = Release|x64
		Release|x86 = Release|x86
	EndGlobalSection
	GlobalSection(ProjectConfigurationPlatforms) = postSolution
		{D03C6C84-85DA-4A45-ABC7-DB4CE3129241}.Debug|Any CPU.ActiveCfg = Debug|Any CPU
		{D03C6C84-85DA-4A45-ABC7-DB4CE3129241}.Debug|Any CPU.Build.0 = Debug|Any CPU
		{D03C6C84-85DA-4A45-ABC7-DB4CE3129241}.Debug|x64.ActiveCfg = Debug|Any CPU
		{D03C6C84-85DA-4A45-ABC7-DB4CE3129241}.Debug|x64.Build.0 = Debug|Any CPU
		{D03C6C84-85DA-4A45-ABC7-DB4CE3129241}.Debug|x86.ActiveCfg = Debug|Any CPU
		{D03C6C84-85DA-4A45-ABC7-DB4CE3129241}.Debug|x86.Build.0 = Debug|Any CPU
		{D03C6C84-85DA-4A45-ABC7-DB4CE3129241}.Release|Any CPU.ActiveCfg = Release|Any CPU
		{D03C6C84-85DA-4A45-ABC7-DB4CE3129241}.Release|Any CPU.Build.0 = Release|Any CPU
		{D03C6C84-85DA-4A45-ABC7-DB4CE3129241}.Release|x64.ActiveCfg = Release|Any CPU
		{D03C6C84-85DA-4A45-ABC7-DB4CE3129241}.Release|x64.Build.0 = Release|Any CPU
		{D03C6C84-85DA-4A45-ABC7-DB4CE3129241}.Release|x86.ActiveCfg = Release|Any CPU
		{D03C6C84-85DA-4A45-ABC7-DB4CE3129241}.Release|x86.Build.0 = Release|Any CPU
		{BDE69D20-B25B-48DB-BE26-CD15CC764570}.Debug|Any CPU.ActiveCfg = Debug|Any CPU
		{BDE69D20-B25B-48DB-BE26-CD15CC764570}.Debug|Any CPU.Build.0 = Debug|Any CPU
		{BDE69D20-B25B-48DB-BE26-CD15CC764570}.Debug|x64.ActiveCfg = Debug|Any CPU
		{BDE69D20-B25B-48DB-BE26-CD15CC764570}.Debug|x64.Build.0 = Debug|Any CPU
		{BDE69D20-B25B-48DB-BE26-CD15CC764570}.Debug|x86.ActiveCfg = Debug|Any CPU
		{BDE69D20-B25B-48DB-BE26-CD15CC764570}.Debug|x86.Build.0 = Debug|Any CPU
		{BDE69D20-B25B-48DB-BE26-CD15CC764570}.Release|Any CPU.ActiveCfg = Release|Any CPU
		{BDE69D20-B25B-48DB-BE26-CD15CC764570}.Release|Any CPU.Build.0 = Release|Any CPU
		{BDE69D20-B25B-48DB-BE26-CD15CC764570}.Release|x64.ActiveCfg = Release|Any CPU
		{BDE69D20-B25B-48DB-BE26-CD15CC764570}.Release|x64.Build.0 = Release|Any CPU
		{BDE69D20-B25B-48DB-BE26-CD15CC764570}.Release|x86.ActiveCfg = Release|Any CPU
		{BDE69D20-B25B-48DB-BE26-CD15CC764570}.Release|x86.Build.0 = Release|Any CPU
	EndGlobalSection
	GlobalSection(SolutionProperties) = preSolution
		HideSolutionNode = FALSE
	EndGlobalSection
	GlobalSection(ExtensibilityGlobals) = postSolution
		SolutionGuid = {C8DAD560-0CD8-496A-9379-AD3247720F9B}
	EndGlobalSection
EndGlobal
